
Microsoft Visual Studio Solution File, Format Version 12.00
# Visual Studio Version 16
VisualStudioVersion = 16.0.30001.183
MinimumVisualStudioVersion = 10.0.40219.1
Project("{8BC9CEB8-8B4A-11D0-8D11-00A0C91BC942}") = "Wormhole", "Wormhole.vcxproj", "{7BDB33EB-D4D1-48F9-A99B-3CC8D88DE3EF}"
EndProject
Global
	GlobalSection(SolutionConfigurationPlatforms) = preSolution
		Debug|x64 = Debug|x64
		Debug|x86 = Debug|x86
		Release|x64 = Release|x64
		Release|x86 = Release|x86
	EndGlobalSection
	GlobalSection(ProjectConfigurationPlatforms) = postSolution
		{7BDB33EB-D4D1-48F9-A99B-3CC8D88DE3EF}.Debug|x64.ActiveCfg = Debug|x64
		{7BDB33EB-D4D1-48F9-A99B-3CC8D88DE3EF}.Debug|x64.Build.0 = Debug|x64
		{7BDB33EB-D4D1-48F9-A99B-3CC8D88DE3EF}.Debug|x86.ActiveCfg = Debug|Win32
		{7BDB33EB-D4D1-48F9-A99B-3CC8D88DE3EF}.Debug|x86.Build.0 = Debug|Win32
		{7BDB33EB-D4D1-48F9-A99B-3CC8D88DE3EF}.Release|x64.ActiveCfg = Release|x64
		{7BDB33EB-D4D1-48F9-A99B-3CC8D88DE3EF}.Release|x64.Build.0 = Release|x64
		{7BDB33EB-D4D1-48F9-A99B-3CC8D88DE3EF}.Release|x86.ActiveCfg = Release|Win32
		{7BDB33EB-D4D1-48F9-A99B-3CC8D88DE3EF}.Release|x86.Build.0 = Release|Win32
	EndGlobalSection
	GlobalSection(SolutionProperties) = preSolution
		HideSolutionNode = FALSE
	EndGlobalSection
	GlobalSection(ExtensibilityGlobals) = postSolution
		SolutionGuid = {5788EA47-7ACE-4E91-A4CE-5073C9BE1DB7}
	EndGlobalSection
EndGlobal
